{
  "originHash" : "18f0c734cf0910f58c9ba45886810e287b75f75bd2c7a778fd4c526d67b0d749",
  "pins" : [
    {
      "identity" : "capacitor-swift-pm",
      "kind" : "remoteSourceControl",
      "location" : "https://github.com/ionic-team/capacitor-swift-pm.git",
      "state" : {
        "revision" : "40cf264baa3f4b308738bd31e3de94f607550adb",
        "version" : "7.6.6"
      }
    }
  ],
  "version" : 3
}
